Microsoft Visual Studio Solution File, Format Version 12.00
# Visual Studio Version 17
VisualStudioVersion = 17.5.2.0
MinimumVisualStudioVersion = 10.0.40219.1
Project("{FAE04EC0-301F-11D3-BF4B-00C04F79EFBC}") = "bf", "bf.csproj", "{5101A8E8-778D-85FD-1BD8-AEF541005609}"
EndProject
Global
	GlobalSection(SolutionConfigurationPlatforms) = preSolution
		Debug|Any CPU = Debug|Any CPU
		Release|Any CPU = Release|Any CPU
	EndGlobalSection
	GlobalSection(ProjectConfigurationPlatforms) = postSolution
		{5101A8E8-778D-85FD-1BD8-AEF541005609}.Debug|Any CPU.ActiveCfg = Debug|Any CPU
		{5101A8E8-778D-85FD-1BD8-AEF541005609}.Debug|Any CPU.Build.0 = Debug|Any CPU
		{5101A8E8-778D-85FD-1BD8-AEF541005609}.Release|Any CPU.ActiveCfg = Release|Any CPU
		{5101A8E8-778D-85FD-1BD8-AEF541005609}.Release|Any CPU.Build.0 = Release|Any CPU
	EndGlobalSection
	GlobalSection(SolutionProperties) = preSolution
		HideSolutionNode = FALSE
	EndGlobalSection
	GlobalSection(ExtensibilityGlobals) = postSolution
		SolutionGuid = {46E16A61-7CBE-40D0-9164-E87471BD097B}
	EndGlobalSection
EndGlobal
